
Microsoft Visual Studio Solution File, Format Version 12.00
# Visual Studio Version 17
VisualStudioVersion = 17.10.35027.167
MinimumVisualStudioVersion = 10.0.40219.1
Project("{9A19103F-16F7-4668-BE54-9A1E7A4F7556}") = "DeliveryService", "DeliveryService\DeliveryService.csproj", "{2AE66479-CEBB-416E-9C18-BB58BB33B631}"
EndProject
Project("{9A19103F-16F7-4668-BE54-9A1E7A4F7556}") = "DataLayer", "DataLayer\DataLayer.csproj", "{E399BC6C-71BA-44BC-8EBC-7456A2A68113}"
EndProject
Project("{9A19103F-16F7-4668-BE54-9A1E7A4F7556}") = "BLL", "BLL\BLL.csproj", "{AE57D431-FF8F-4305-A9FB-A07CEAC44996}"
EndProject
Project("{9A19103F-16F7-4668-BE54-9A1E7A4F7556}") = "UnitTests", "Tests\UnitTests.csproj", "{D6F0B81F-4E84-4344-B8FE-15F46940B0B8}"
EndProject
Project("{9A19103F-16F7-4668-BE54-9A1E7A4F7556}") = "IntegrationTests", "DeliveryService.IntegrationTests\IntegrationTests.csproj", "{447475F2-D85C-42A8-BBAE-930FA4BD064B}"
EndProject
Global
	GlobalSection(SolutionConfigurationPlatforms) = preSolution
		Debug|Any CPU = Debug|Any CPU
		Release|Any CPU = Release|Any CPU
	EndGlobalSection
	GlobalSection(ProjectConfigurationPlatforms) = postSolution
		{2AE66479-CEBB-416E-9C18-BB58BB33B631}.Debug|Any CPU.ActiveCfg = Debug|Any CPU
		{2AE66479-CEBB-416E-9C18-BB58BB33B631}.Debug|Any CPU.Build.0 = Debug|Any CPU
		{2AE66479-CEBB-416E-9C18-BB58BB33B631}.Release|Any CPU.ActiveCfg = Release|Any CPU
		{2AE66479-CEBB-416E-9C18-BB58BB33B631}.Release|Any CPU.Build.0 = Release|Any CPU
		{E399BC6C-71BA-44BC-8EBC-7456A2A68113}.Debug|Any CPU.ActiveCfg = Debug|Any CPU
		{E399BC6C-71BA-44BC-8EBC-7456A2A68113}.Debug|Any CPU.Build.0 = Debug|Any CPU
		{E399BC6C-71BA-44BC-8EBC-7456A2A68113}.Release|Any CPU.ActiveCfg = Release|Any CPU
		{E399BC6C-71BA-44BC-8EBC-7456A2A68113}.Release|Any CPU.Build.0 = Release|Any CPU
		{AE57D431-FF8F-4305-A9FB-A07CEAC44996}.Debug|Any CPU.ActiveCfg = Debug|Any CPU
		{AE57D431-FF8F-4305-A9FB-A07CEAC44996}.Debug|Any CPU.Build.0 = Debug|Any CPU
		{AE57D431-FF8F-4305-A9FB-A07CEAC44996}.Release|Any CPU.ActiveCfg = Release|Any CPU
		{AE57D431-FF8F-4305-A9FB-A07CEAC44996}.Release|Any CPU.Build.0 = Release|Any CPU
		{D6F0B81F-4E84-4344-B8FE-15F46940B0B8}.Debug|Any CPU.ActiveCfg = Debug|Any CPU
		{D6F0B81F-4E84-4344-B8FE-15F46940B0B8}.Debug|Any CPU.Build.0 = Debug|Any CPU
		{D6F0B81F-4E84-4344-B8FE-15F46940B0B8}.Release|Any CPU.ActiveCfg = Release|Any CPU
		{D6F0B81F-4E84-4344-B8FE-15F46940B0B8}.Release|Any CPU.Build.0 = Release|Any CPU
		{447475F2-D85C-42A8-BBAE-930FA4BD064B}.Debug|Any CPU.ActiveCfg = Debug|Any CPU
		{447475F2-D85C-42A8-BBAE-930FA4BD064B}.Debug|Any CPU.Build.0 = Debug|Any CPU
		{447475F2-D85C-42A8-BBAE-930FA4BD064B}.Release|Any CPU.ActiveCfg = Release|Any CPU
		{447475F2-D85C-42A8-BBAE-930FA4BD064B}.Release|Any CPU.Build.0 = Release|Any CPU
	EndGlobalSection
	GlobalSection(SolutionProperties) = preSolution
		HideSolutionNode = FALSE
	EndGlobalSection
	GlobalSection(ExtensibilityGlobals) = postSolution
		SolutionGuid = {1D3B3D94-FE58-4253-B9E2-463D8FBA8FA8}
	EndGlobalSection
EndGlobal
