
Microsoft Visual Studio Solution File, Format Version 12.00
# Visual Studio Version 17
VisualStudioVersion = 17.10.34928.147
MinimumVisualStudioVersion = 10.0.40219.1
Project("{FAE04EC0-301F-11D3-BF4B-00C04F79EFBC}") = "Epic 1.1 - Bank task", "Epic 1.1 - Bank task\Epic 1.1 - Bank task.csproj", "{2E7CB34A-9392-4CF9-9207-1C06AD649D38}"
EndProject
Global
	GlobalSection(SolutionConfigurationPlatforms) = preSolution
		Debug|Any CPU = Debug|Any CPU
		Release|Any CPU = Release|Any CPU
	EndGlobalSection
	GlobalSection(ProjectConfigurationPlatforms) = postSolution
		{2E7CB34A-9392-4CF9-9207-1C06AD649D38}.Debug|Any CPU.ActiveCfg = Debug|Any CPU
		{2E7CB34A-9392-4CF9-9207-1C06AD649D38}.Debug|Any CPU.Build.0 = Debug|Any CPU
		{2E7CB34A-9392-4CF9-9207-1C06AD649D38}.Release|Any CPU.ActiveCfg = Release|Any CPU
		{2E7CB34A-9392-4CF9-9207-1C06AD649D38}.Release|Any CPU.Build.0 = Release|Any CPU
	EndGlobalSection
	GlobalSection(SolutionProperties) = preSolution
		HideSolutionNode = FALSE
	EndGlobalSection
	GlobalSection(ExtensibilityGlobals) = postSolution
		SolutionGuid = {7F3C1A4B-514D-4966-863D-11A76E133416}
	EndGlobalSection
EndGlobal
